
Microsoft Visual Studio Solution File, Format Version 12.00
# Visual Studio Version 17
VisualStudioVersion = 17.14.36518.9 d17.14
MinimumVisualStudioVersion = 10.0.40219.1
Project("{FAE04EC0-301F-11D3-BF4B-00C04F79EFBC}") = "HealthForumMVC", "HealthForumMVC.csproj", "{7807AC95-0D59-2A49-370B-28F9C0EA988C}"
EndProject
Global
	GlobalSection(SolutionConfigurationPlatforms) = preSolution
		Debug|Any CPU = Debug|Any CPU
		Release|Any CPU = Release|Any CPU
	EndGlobalSection
	GlobalSection(ProjectConfigurationPlatforms) = postSolution
		{7807AC95-0D59-2A49-370B-28F9C0EA988C}.Debug|Any CPU.ActiveCfg = Debug|Any CPU
		{7807AC95-0D59-2A49-370B-28F9C0EA988C}.Debug|Any CPU.Build.0 = Debug|Any CPU
		{7807AC95-0D59-2A49-370B-28F9C0EA988C}.Release|Any CPU.ActiveCfg = Release|Any CPU
		{7807AC95-0D59-2A49-370B-28F9C0EA988C}.Release|Any CPU.Build.0 = Release|Any CPU
	EndGlobalSection
	GlobalSection(SolutionProperties) = preSolution
		HideSolutionNode = FALSE
	EndGlobalSection
	GlobalSection(ExtensibilityGlobals) = postSolution
		SolutionGuid = {D59571B5-A350-4063-9876-31E950225809}
	EndGlobalSection
EndGlobal
